
Microsoft Visual Studio Solution File, Format Version 12.00
# Visual Studio 15
VisualStudioVersion = 15.0.28307.421
MinimumVisualStudioVersion = 10.0.40219.1
Project("{FAE04EC0-301F-11D3-BF4B-00C04F79EFBC}") = "ConsoleApp1", "ConsoleApp1\ConsoleApp1.csproj", "{5C80002D-0BB6-4FAA-8968-DAB4AFF20C55}"
EndProject
Project("{FAE04EC0-301F-11D3-BF4B-00C04F79EFBC}") = "ClassLibrary1", "ClassLibrary1\ClassLibrary1.csproj", "{DA3D51E7-3291-4611-9327-8F030914459D}"
EndProject
Global
	GlobalSection(SolutionConfigurationPlatforms) = preSolution
		Debug|Any CPU = Debug|Any CPU
		Release|Any CPU = Release|Any CPU
	EndGlobalSection
	GlobalSection(ProjectConfigurationPlatforms) = postSolution
		{5C80002D-0BB6-4FAA-8968-DAB4AFF20C55}.Debug|Any CPU.ActiveCfg = Debug|Any CPU
		{5C80002D-0BB6-4FAA-8968-DAB4AFF20C55}.Debug|Any CPU.Build.0 = Debug|Any CPU
		{5C80002D-0BB6-4FAA-8968-DAB4AFF20C55}.Release|Any CPU.ActiveCfg = Release|Any CPU
		{5C80002D-0BB6-4FAA-8968-DAB4AFF20C55}.Release|Any CPU.Build.0 = Release|Any CPU
		{DA3D51E7-3291-4611-9327-8F030914459D}.Debug|Any CPU.ActiveCfg = Debug|Any CPU
		{DA3D51E7-3291-4611-9327-8F030914459D}.Debug|Any CPU.Build.0 = Debug|Any CPU
		{DA3D51E7-3291-4611-9327-8F030914459D}.Release|Any CPU.ActiveCfg = Release|Any CPU
		{DA3D51E7-3291-4611-9327-8F030914459D}.Release|Any CPU.Build.0 = Release|Any CPU
	EndGlobalSection
	GlobalSection(SolutionProperties) = preSolution
		HideSolutionNode = FALSE
	EndGlobalSection
	GlobalSection(ExtensibilityGlobals) = postSolution
		SolutionGuid = {5627FD48-BB0C-45CA-ACD3-03C5792CD159}
	EndGlobalSection
EndGlobal
